
Microsoft Visual Studio Solution File, Format Version 12.00
# Visual Studio Version 17
VisualStudioVersion = 17.0.31808.319
MinimumVisualStudioVersion = 10.0.40219.1
Project("{FAE04EC0-301F-11D3-BF4B-00C04F79EFBC}") = "Snake", "Snake\Snake.csproj", "{3870822E-1C83-4D83-A2FD-38B0DD4206CE}"
EndProject
Global
	GlobalSection(SolutionConfigurationPlatforms) = preSolution
		Debug|Any CPU = Debug|Any CPU
		Release|Any CPU = Release|Any CPU
	EndGlobalSection
	GlobalSection(ProjectConfigurationPlatforms) = postSolution
		{3870822E-1C83-4D83-A2FD-38B0DD4206CE}.Debug|Any CPU.ActiveCfg = Debug|Any CPU
		{3870822E-1C83-4D83-A2FD-38B0DD4206CE}.Debug|Any CPU.Build.0 = Debug|Any CPU
		{3870822E-1C83-4D83-A2FD-38B0DD4206CE}.Release|Any CPU.ActiveCfg = Release|Any CPU
		{3870822E-1C83-4D83-A2FD-38B0DD4206CE}.Release|Any CPU.Build.0 = Release|Any CPU
	EndGlobalSection
	GlobalSection(SolutionProperties) = preSolution
		HideSolutionNode = FALSE
	EndGlobalSection
	GlobalSection(ExtensibilityGlobals) = postSolution
		SolutionGuid = {86022B63-2FCD-4197-8AB6-314218E77F50}
	EndGlobalSection
EndGlobal
